{
  "requires": true,
  "lockfileVersion": 1,
  "dependencies": {
    "jquery": {
      "version": "3.1.1",
      "resolved": "https://registry.npmjs.org/jquery/-/jquery-3.1.1.tgz",
      "integrity": "sha1-NHwcIcfgBBFeCk2jLOzgQfrTyKM="
    },
    "jquery.documentsize": {
      "version": "1.2.5",
      "resolved": "https://registry.npmjs.org/jquery.documentsize/-/jquery.documentsize-1.2.5.tgz",
      "integrity": "sha512-+6RwBYVCws9mLFhR2TlNqYeJe2LGOtKO01ygBVBKaHiQYL16cykvP1GcoseylU9oZwCgMKKeZW/384aZI0rnmQ==",
      "requires": {
        "jquery": "*"
      }
    },
    "jquery.isinview": {
      "version": "1.0.6",
      "resolved": "https://registry.npmjs.org/jquery.isinview/-/jquery.isinview-1.0.6.tgz",
      "integrity": "sha1-V1yLZyDiQT18rxSba6mcwApo0UA=",
      "requires": {
        "jquery": ">=1.9.0 <3.2",
        "jquery.documentsize": "^1.1.0"
      }
    }
  }
}
